
Microsoft Visual Studio Solution File, Format Version 12.00
# Visual Studio Version 17
VisualStudioVersion = 17.5.33424.131
MinimumVisualStudioVersion = 10.0.40219.1
Project("{9A19103F-16F7-4668-BE54-9A1E7A4F7556}") = "B9BasicGitHubApi", "B9BasicGitHubApi\B9BasicGitHubApi.csproj", "{CF04168C-9D55-4A90-8FA2-5125912B1FE1}"
EndProject
Project("{FAE04EC0-301F-11D3-BF4B-00C04F79EFBC}") = "B9BasicGitHubApiTest", "B9BasicGitHubApiTest\B9BasicGitHubApiTest.csproj", "{30947C37-BF47-453B-B772-6A93283CC53B}"
EndProject
Global
	GlobalSection(SolutionConfigurationPlatforms) = preSolution
		Debug|Any CPU = Debug|Any CPU
		Release|Any CPU = Release|Any CPU
	EndGlobalSection
	GlobalSection(ProjectConfigurationPlatforms) = postSolution
		{CF04168C-9D55-4A90-8FA2-5125912B1FE1}.Debug|Any CPU.ActiveCfg = Debug|Any CPU
		{CF04168C-9D55-4A90-8FA2-5125912B1FE1}.Debug|Any CPU.Build.0 = Debug|Any CPU
		{CF04168C-9D55-4A90-8FA2-5125912B1FE1}.Release|Any CPU.ActiveCfg = Release|Any CPU
		{CF04168C-9D55-4A90-8FA2-5125912B1FE1}.Release|Any CPU.Build.0 = Release|Any CPU
		{30947C37-BF47-453B-B772-6A93283CC53B}.Debug|Any CPU.ActiveCfg = Debug|Any CPU
		{30947C37-BF47-453B-B772-6A93283CC53B}.Debug|Any CPU.Build.0 = Debug|Any CPU
		{30947C37-BF47-453B-B772-6A93283CC53B}.Release|Any CPU.ActiveCfg = Release|Any CPU
		{30947C37-BF47-453B-B772-6A93283CC53B}.Release|Any CPU.Build.0 = Release|Any CPU
	EndGlobalSection
	GlobalSection(SolutionProperties) = preSolution
		HideSolutionNode = FALSE
	EndGlobalSection
	GlobalSection(ExtensibilityGlobals) = postSolution
		SolutionGuid = {E4D8B93A-7A96-43F5-AB53-AE449B672AE7}
	EndGlobalSection
EndGlobal
